{
  "nodes": {
    "flake-utils": {
      "locked": {
        "lastModified": 1610051610,
        "narHash": "sha256-U9rPz/usA1/Aohhk7Cmc2gBrEEKRzcW4nwPWMPwja4Y=",
        "owner": "numtide",
        "repo": "flake-utils",
        "rev": "3982c9903e93927c2164caa727cd3f6a0e6d14cc",
        "type": "github"
      },
      "original": {
        "owner": "numtide",
        "repo": "flake-utils",
        "type": "github"
      }
    },
    "nixpkgs": {
      "locked": {
        "lastModified": 1602230526,
        "narHash": "sha256-3/ucBPYg42P+1ji5/7q227Ek/Eq2C7zeiB9sZl5UpIY=",
        "path": "/nix/store/a4svi29pmh2qips8h6649vvzhk5nk5qd-source",
        "rev": "0b8799ecaaf0dc6b4c11583a3c96ca5b40fcfdfb",
        "type": "path"
      },
      "original": {
        "id": "nixpkgs",
        "type": "indirect"
      }
    },
    "root": {
      "inputs": {
        "flake-utils": "flake-utils",
        "nixpkgs": "nixpkgs",
        "unstable": "unstable"
      }
    },
    "unstable": {
      "locked": {
        "lastModified": 1612201731,
        "narHash": "sha256-BOGfXTd22OKJ7+itqYksm8KNKUChbfXxGpZSwkRBRVs=",
        "owner": "nixos",
        "repo": "nixpkgs",
        "rev": "df3df8c0e0f9e1bc84a788e8d57094c1d475b541",
        "type": "github"
      },
      "original": {
        "owner": "nixos",
        "ref": "master",
        "repo": "nixpkgs",
        "type": "github"
      }
    }
  },
  "root": "root",
  "version": 7
}
